PODS:
  - SHUImagePickerController (0.1.0)

DEPENDENCIES:
  - SHUImagePickerController (from `../SHUImagePickerController.podspec`)

EXTERNAL SOURCES:
  SHUImagePickerController:
    :path: ../SHUImagePickerController.podspec

SPEC CHECKSUMS:
  SHUImagePickerController: 1de1155e000111e540de61bdbe3f675b4a3a81b3

COCOAPODS: 0.36.0.rc.1
