PODS:
  - SHUImagePickerController (0.1.0)

DEPENDENCIES:
  - SHUImagePickerController (from `../SHUImagePickerController.podspec`)

EXTERNAL SOURCES:
  SHUImagePickerController:
    :path: ../SHUImagePickerController.podspec

SPEC CHECKSUMS:
  SHUImagePickerController: f3a6118e6a750acea7974d79b0dec561deb8336b

COCOAPODS: 0.32.1
